// !$*UTF8*$!
{
	archiveVersion = 1;
	classes = {
	};
	objectVersion = 55;
	objects = {

/* Begin PBXBuildFile section */
		301031A4289494FB009D83C5 /* WeatherAnnotation.swift in Sources */ = {isa = PBXBuildFile; fileRef = 301031A3289494FB009D83C5 /* WeatherAnnotation.swift */; };
		301299F4289825D7001C503E /* FiveDayForecastResponse.swift in Sources */ = {isa = PBXBuildFile; fileRef = 301299F3289825D7001C503E /* FiveDayForecastResponse.swift */; };
		301299F828984A74001C503E /* ForecastTableViewCell.swift in Sources */ = {isa = PBXBuildFile; fileRef = 301299F728984A74001C503E /* ForecastTableViewCell.swift */; };
		301299FA28985776001C503E /* Date+Ext.swift in Sources */ = {isa = PBXBuildFile; fileRef = 301299F928985776001C503E /* Date+Ext.swift */; };
		3056D82B28C7C84A0088A0A2 /* FiveDayForecastViewController.swift in Sources */ = {isa = PBXBuildFile; fileRef = 3056D82A28C7C84A0088A0A2 /* FiveDayForecastViewController.swift */; };
		306EA75E2896ECAA0066E68D /* UIView+Ext.swift in Sources */ = {isa = PBXBuildFile; fileRef = 306EA75D2896ECAA0066E68D /* UIView+Ext.swift */; };
		30787DA428B2521400F4996C /* AppInfoViewController.swift in Sources */ = {isa = PBXBuildFile; fileRef = 30787DA328B2521400F4996C /* AppInfoViewController.swift */; };
		307B221B28942A1D009FDD65 /* AppDelegate.swift in Sources */ = {isa = PBXBuildFile; fileRef = 307B221A28942A1D009FDD65 /* AppDelegate.swift */; };
		307B221D28942A1D009FDD65 /* SceneDelegate.swift in Sources */ = {isa = PBXBuildFile; fileRef = 307B221C28942A1D009FDD65 /* SceneDelegate.swift */; };
		307B221F28942A1D009FDD65 /* MapViewController.swift in Sources */ = {isa = PBXBuildFile; fileRef = 307B221E28942A1D009FDD65 /* MapViewController.swift */; };
		307B222228942A1D009FDD65 /* Main.storyboard in Resources */ = {isa = PBXBuildFile; fileRef = 307B222028942A1D009FDD65 /* Main.storyboard */; };
		307B222428942A20009FDD65 /* Assets.xcassets in Resources */ = {isa = PBXBuildFile; fileRef = 307B222328942A20009FDD65 /* Assets.xcassets */; };
		307B222728942A20009FDD65 /* LaunchScreen.storyboard in Resources */ = {isa = PBXBuildFile; fileRef = 307B222528942A20009FDD65 /* LaunchScreen.storyboard */; };
		307B223228942A20009FDD65 /* ForecastBuddyTests.swift in Sources */ = {isa = PBXBuildFile; fileRef = 307B223128942A20009FDD65 /* ForecastBuddyTests.swift */; };
		307B223C28942A20009FDD65 /* ForecastBuddyUITests.swift in Sources */ = {isa = PBXBuildFile; fileRef = 307B223B28942A20009FDD65 /* ForecastBuddyUITests.swift */; };
		307B223E28942A20009FDD65 /* ForecastBuddyUITestsLaunchTests.swift in Sources */ = {isa = PBXBuildFile; fileRef = 307B223D28942A20009FDD65 /* ForecastBuddyUITestsLaunchTests.swift */; };
		307DCBE028CBB9CB00D074D0 /* ViewController+Ext.swift in Sources */ = {isa = PBXBuildFile; fileRef = 307DCBDF28CBB9CB00D074D0 /* ViewController+Ext.swift */; };
		307FEFEE2899BA7600E5AE79 /* ForecastModel.xcdatamodeld in Sources */ = {isa = PBXBuildFile; fileRef = 307FEFEC2899BA7600E5AE79 /* ForecastModel.xcdatamodeld */; };
		307FEFF02899C2AF00E5AE79 /* CoreDataController.swift in Sources */ = {isa = PBXBuildFile; fileRef = 307FEFEF2899C2AF00E5AE79 /* CoreDataController.swift */; };
		30D465F028945EFC009F0BCE /* OpenWeatherAPI.swift in Sources */ = {isa = PBXBuildFile; fileRef = 30D465EF28945EFC009F0BCE /* OpenWeatherAPI.swift */; };
		30D465F228946AB0009F0BCE /* CurrentWeatherResponses.swift in Sources */ = {isa = PBXBuildFile; fileRef = 30D465F128946AB0009F0BCE /* CurrentWeatherResponses.swift */; };
/* End PBXBuildFile section */

/* Begin PBXContainerItemProxy section */
		307B222E28942A20009FDD65 /* PBXContainerItemProxy */ = {
			isa = PBXContainerItemProxy;
			containerPortal = 307B220F28942A1D009FDD65 /* Project object */;
			proxyType = 1;
			remoteGlobalIDString = 307B221628942A1D009FDD65;
			remoteInfo = ForecastBuddy;
		};
		307B223828942A20009FDD65 /* PBXContainerItemProxy */ = {
			isa = PBXContainerItemProxy;
			containerPortal = 307B220F28942A1D009FDD65 /* Project object */;
			proxyType = 1;
			remoteGlobalIDString = 307B221628942A1D009FDD65;
			remoteInfo = ForecastBuddy;
		};
/* End PBXContainerItemProxy section */

/* Begin PBXFileReference section */
		301031A3289494FB009D83C5 /* WeatherAnnotation.swift */ = {isa = PBXFileReference; lastKnownFileType = sourcecode.swift; path = WeatherAnnotation.swift; sourceTree = "<group>"; };
		301299F3289825D7001C503E /* FiveDayForecastResponse.swift */ = {isa = PBXFileReference; lastKnownFileType = sourcecode.swift; path = FiveDayForecastResponse.swift; sourceTree = "<group>"; };
		301299F728984A74001C503E /* ForecastTableViewCell.swift */ = {isa = PBXFileReference; lastKnownFileType = sourcecode.swift; path = ForecastTableViewCell.swift; sourceTree = "<group>"; };
		301299F928985776001C503E /* Date+Ext.swift */ = {isa = PBXFileReference; lastKnownFileType = sourcecode.swift; path = "Date+Ext.swift"; sourceTree = "<group>"; };
		3056D82A28C7C84A0088A0A2 /* FiveDayForecastViewController.swift */ = {isa = PBXFileReference; lastKnownFileType = sourcecode.swift; path = FiveDayForecastViewController.swift; sourceTree = "<group>"; };
		306EA75D2896ECAA0066E68D /* UIView+Ext.swift */ = {isa = PBXFileReference; lastKnownFileType = sourcecode.swift; path = "UIView+Ext.swift"; sourceTree = "<group>"; };
		30787DA328B2521400F4996C /* AppInfoViewController.swift */ = {isa = PBXFileReference; lastKnownFileType = sourcecode.swift; path = AppInfoViewController.swift; sourceTree = "<group>"; };
		307B221728942A1D009FDD65 /* ForecastBuddy.app */ = {isa = PBXFileReference; explicitFileType = wrapper.application; includeInIndex = 0; path = ForecastBuddy.app; sourceTree = BUILT_PRODUCTS_DIR; };
		307B221A28942A1D009FDD65 /* AppDelegate.swift */ = {isa = PBXFileReference; lastKnownFileType = sourcecode.swift; path = AppDelegate.swift; sourceTree = "<group>"; };
		307B221C28942A1D009FDD65 /* SceneDelegate.swift */ = {isa = PBXFileReference; lastKnownFileType = sourcecode.swift; path = SceneDelegate.swift; sourceTree = "<group>"; };
		307B221E28942A1D009FDD65 /* MapViewController.swift */ = {isa = PBXFileReference; lastKnownFileType = sourcecode.swift; path = MapViewController.swift; sourceTree = "<group>"; };
		307B222128942A1D009FDD65 /* Base */ = {isa = PBXFileReference; lastKnownFileType = file.storyboard; name = Base; path = Base.lproj/Main.storyboard; sourceTree = "<group>"; };
		307B222328942A20009FDD65 /* Assets.xcassets */ = {isa = PBXFileReference; lastKnownFileType = folder.assetcatalog; path = Assets.xcassets; sourceTree = "<group>"; };
		307B222628942A20009FDD65 /* Base */ = {isa = PBXFileReference; lastKnownFileType = file.storyboard; name = Base; path = Base.lproj/LaunchScreen.storyboard; sourceTree = "<group>"; };
		307B222828942A20009FDD65 /* Info.plist */ = {isa = PBXFileReference; lastKnownFileType = text.plist.xml; path = Info.plist; sourceTree = "<group>"; };
		307B222D28942A20009FDD65 /* ForecastBuddyTests.xctest */ = {isa = PBXFileReference; explicitFileType = wrapper.cfbundle; includeInIndex = 0; path = ForecastBuddyTests.xctest; sourceTree = BUILT_PRODUCTS_DIR; };
		307B223128942A20009FDD65 /* ForecastBuddyTests.swift */ = {isa = PBXFileReference; lastKnownFileType = sourcecode.swift; path = ForecastBuddyTests.swift; sourceTree = "<group>"; };
		307B223728942A20009FDD65 /* ForecastBuddyUITests.xctest */ = {isa = PBXFileReference; explicitFileType = wrapper.cfbundle; includeInIndex = 0; path = ForecastBuddyUITests.xctest; sourceTree = BUILT_PRODUCTS_DIR; };
		307B223B28942A20009FDD65 /* ForecastBuddyUITests.swift */ = {isa = PBXFileReference; lastKnownFileType = sourcecode.swift; path = ForecastBuddyUITests.swift; sourceTree = "<group>"; };
		307B223D28942A20009FDD65 /* ForecastBuddyUITestsLaunchTests.swift */ = {isa = PBXFileReference; lastKnownFileType = sourcecode.swift; path = ForecastBuddyUITestsLaunchTests.swift; sourceTree = "<group>"; };
		307DCBDF28CBB9CB00D074D0 /* ViewController+Ext.swift */ = {isa = PBXFileReference; lastKnownFileType = sourcecode.swift; path = "ViewController+Ext.swift"; sourceTree = "<group>"; };
		307FEFED2899BA7600E5AE79 /* ForecastModel.xcdatamodel */ = {isa = PBXFileReference; lastKnownFileType = wrapper.xcdatamodel; path = ForecastModel.xcdatamodel; sourceTree = "<group>"; };
		307FEFEF2899C2AF00E5AE79 /* CoreDataController.swift */ = {isa = PBXFileReference; fileEncoding = 4; lastKnownFileType = sourcecode.swift; path = CoreDataController.swift; sourceTree = "<group>"; };
		30D465EF28945EFC009F0BCE /* OpenWeatherAPI.swift */ = {isa = PBXFileReference; lastKnownFileType = sourcecode.swift; path = OpenWeatherAPI.swift; sourceTree = "<group>"; };
		30D465F128946AB0009F0BCE /* CurrentWeatherResponses.swift */ = {isa = PBXFileReference; lastKnownFileType = sourcecode.swift; path = CurrentWeatherResponses.swift; sourceTree = "<group>"; };
/* End PBXFileReference section */

/* Begin PBXFrameworksBuildPhase section */
		307B221428942A1D009FDD65 /* Frameworks */ = {
			isa = PBXFrameworksBuildPhase;
			buildActionMask = 2147483647;
			files = (
			);
			runOnlyForDeploymentPostprocessing = 0;
		};
		307B222A28942A20009FDD65 /* Frameworks */ = {
			isa = PBXFrameworksBuildPhase;
			buildActionMask = 2147483647;
			files = (
			);
			runOnlyForDeploymentPostprocessing = 0;
		};
		307B223428942A20009FDD65 /* Frameworks */ = {
			isa = PBXFrameworksBuildPhase;
			buildActionMask = 2147483647;
			files = (
			);
			runOnlyForDeploymentPostprocessing = 0;
		};
/* End PBXFrameworksBuildPhase section */

/* Begin PBXGroup section */
		306EA75C2896EC880066E68D /* MiscExtensions */ = {
			isa = PBXGroup;
			children = (
				306EA75D2896ECAA0066E68D /* UIView+Ext.swift */,
				301299F928985776001C503E /* Date+Ext.swift */,
				307DCBDF28CBB9CB00D074D0 /* ViewController+Ext.swift */,
			);
			path = MiscExtensions;
			sourceTree = "<group>";
		};
		307B220E28942A1D009FDD65 = {
			isa = PBXGroup;
			children = (
				307B221928942A1D009FDD65 /* ForecastBuddy */,
				307B223028942A20009FDD65 /* ForecastBuddyTests */,
				307B223A28942A20009FDD65 /* ForecastBuddyUITests */,
				307B221828942A1D009FDD65 /* Products */,
			);
			sourceTree = "<group>";
		};
		307B221828942A1D009FDD65 /* Products */ = {
			isa = PBXGroup;
			children = (
				307B221728942A1D009FDD65 /* ForecastBuddy.app */,
				307B222D28942A20009FDD65 /* ForecastBuddyTests.xctest */,
				307B223728942A20009FDD65 /* ForecastBuddyUITests.xctest */,
			);
			name = Products;
			sourceTree = "<group>";
		};
		307B221928942A1D009FDD65 /* ForecastBuddy */ = {
			isa = PBXGroup;
			children = (
				307B221A28942A1D009FDD65 /* AppDelegate.swift */,
				307B221C28942A1D009FDD65 /* SceneDelegate.swift */,
				307B222828942A20009FDD65 /* Info.plist */,
				30D465EE28945ED9009F0BCE /* Networking */,
				307B224A28942A2B009FDD65 /* Model */,
				307B224B28942A32009FDD65 /* View */,
				307B224C28942A39009FDD65 /* Controller */,
				306EA75C2896EC880066E68D /* MiscExtensions */,
			);
			path = ForecastBuddy;
			sourceTree = "<group>";
		};
		307B223028942A20009FDD65 /* ForecastBuddyTests */ = {
			isa = PBXGroup;
			children = (
				307B223128942A20009FDD65 /* ForecastBuddyTests.swift */,
			);
			path = ForecastBuddyTests;
			sourceTree = "<group>";
		};
		307B223A28942A20009FDD65 /* ForecastBuddyUITests */ = {
			isa = PBXGroup;
			children = (
				307B223B28942A20009FDD65 /* ForecastBuddyUITests.swift */,
				307B223D28942A20009FDD65 /* ForecastBuddyUITestsLaunchTests.swift */,
			);
			path = ForecastBuddyUITests;
			sourceTree = "<group>";
		};
		307B224A28942A2B009FDD65 /* Model */ = {
			isa = PBXGroup;
			children = (
				307FEFEF2899C2AF00E5AE79 /* CoreDataController.swift */,
				307FEFEC2899BA7600E5AE79 /* ForecastModel.xcdatamodeld */,
				301031A3289494FB009D83C5 /* WeatherAnnotation.swift */,
			);
			path = Model;
			sourceTree = "<group>";
		};
		307B224B28942A32009FDD65 /* View */ = {
			isa = PBXGroup;
			children = (
				307B222028942A1D009FDD65 /* Main.storyboard */,
				307B222328942A20009FDD65 /* Assets.xcassets */,
				307B222528942A20009FDD65 /* LaunchScreen.storyboard */,
				301299F728984A74001C503E /* ForecastTableViewCell.swift */,
			);
			path = View;
			sourceTree = "<group>";
		};
		307B224C28942A39009FDD65 /* Controller */ = {
			isa = PBXGroup;
			children = (
				307B221E28942A1D009FDD65 /* MapViewController.swift */,
				3056D82A28C7C84A0088A0A2 /* FiveDayForecastViewController.swift */,
				30787DA328B2521400F4996C /* AppInfoViewController.swift */,
			);
			path = Controller;
			sourceTree = "<group>";
		};
		30D465EE28945ED9009F0BCE /* Networking */ = {
			isa = PBXGroup;
			children = (
				30D465EF28945EFC009F0BCE /* OpenWeatherAPI.swift */,
				30D465F128946AB0009F0BCE /* CurrentWeatherResponses.swift */,
				301299F3289825D7001C503E /* FiveDayForecastResponse.swift */,
			);
			path = Networking;
			sourceTree = "<group>";
		};
/* End PBXGroup section */

/* Begin PBXNativeTarget section */
		307B221628942A1D009FDD65 /* ForecastBuddy */ = {
			isa = PBXNativeTarget;
			buildConfigurationList = 307B224128942A20009FDD65 /* Build configuration list for PBXNativeTarget "ForecastBuddy" */;
			buildPhases = (
				307B221328942A1D009FDD65 /* Sources */,
				307B221428942A1D009FDD65 /* Frameworks */,
				307B221528942A1D009FDD65 /* Resources */,
			);
			buildRules = (
			);
			dependencies = (
			);
			name = ForecastBuddy;
			productName = ForecastBuddy;
			productReference = 307B221728942A1D009FDD65 /* ForecastBuddy.app */;
			productType = "com.apple.product-type.application";
		};
		307B222C28942A20009FDD65 /* ForecastBuddyTests */ = {
			isa = PBXNativeTarget;
			buildConfigurationList = 307B224428942A20009FDD65 /* Build configuration list for PBXNativeTarget "ForecastBuddyTests" */;
			buildPhases = (
				307B222928942A20009FDD65 /* Sources */,
				307B222A28942A20009FDD65 /* Frameworks */,
				307B222B28942A20009FDD65 /* Resources */,
			);
			buildRules = (
			);
			dependencies = (
				307B222F28942A20009FDD65 /* PBXTargetDependency */,
			);
			name = ForecastBuddyTests;
			productName = ForecastBuddyTests;
			productReference = 307B222D28942A20009FDD65 /* ForecastBuddyTests.xctest */;
			productType = "com.apple.product-type.bundle.unit-test";
		};
		307B223628942A20009FDD65 /* ForecastBuddyUITests */ = {
			isa = PBXNativeTarget;
			buildConfigurationList = 307B224728942A20009FDD65 /* Build configuration list for PBXNativeTarget "ForecastBuddyUITests" */;
			buildPhases = (
				307B223328942A20009FDD65 /* Sources */,
				307B223428942A20009FDD65 /* Frameworks */,
				307B223528942A20009FDD65 /* Resources */,
			);
			buildRules = (
			);
			dependencies = (
				307B223928942A20009FDD65 /* PBXTargetDependency */,
			);
			name = ForecastBuddyUITests;
			productName = ForecastBuddyUITests;
			productReference = 307B223728942A20009FDD65 /* ForecastBuddyUITests.xctest */;
			productType = "com.apple.product-type.bundle.ui-testing";
		};
/* End PBXNativeTarget section */

/* Begin PBXProject section */
		307B220F28942A1D009FDD65 /* Project object */ = {
			isa = PBXProject;
			attributes = {
				BuildIndependentTargetsInParallel = 1;
				LastSwiftUpdateCheck = 1340;
				LastUpgradeCheck = 1340;
				TargetAttributes = {
					307B221628942A1D009FDD65 = {
						CreatedOnToolsVersion = 13.4.1;
					};
					307B222C28942A20009FDD65 = {
						CreatedOnToolsVersion = 13.4.1;
						TestTargetID = 307B221628942A1D009FDD65;
					};
					307B223628942A20009FDD65 = {
						CreatedOnToolsVersion = 13.4.1;
						TestTargetID = 307B221628942A1D009FDD65;
					};
				};
			};
			buildConfigurationList = 307B221228942A1D009FDD65 /* Build configuration list for PBXProject "ForecastBuddy" */;
			compatibilityVersion = "Xcode 13.0";
			developmentRegion = en;
			hasScannedForEncodings = 0;
			knownRegions = (
				en,
				Base,
			);
			mainGroup = 307B220E28942A1D009FDD65;
			productRefGroup = 307B221828942A1D009FDD65 /* Products */;
			projectDirPath = "";
			projectRoot = "";
			targets = (
				307B221628942A1D009FDD65 /* ForecastBuddy */,
				307B222C28942A20009FDD65 /* ForecastBuddyTests */,
				307B223628942A20009FDD65 /* ForecastBuddyUITests */,
			);
		};
/* End PBXProject section */

/* Begin PBXResourcesBuildPhase section */
		307B221528942A1D009FDD65 /* Resources */ = {
			isa = PBXResourcesBuildPhase;
			buildActionMask = 2147483647;
			files = (
				307B222728942A20009FDD65 /* LaunchScreen.storyboard in Resources */,
				307B222428942A20009FDD65 /* Assets.xcassets in Resources */,
				307B222228942A1D009FDD65 /* Main.storyboard in Resources */,
			);
			runOnlyForDeploymentPostprocessing = 0;
		};
		307B222B28942A20009FDD65 /* Resources */ = {
			isa = PBXResourcesBuildPhase;
			buildActionMask = 2147483647;
			files = (
			);
			runOnlyForDeploymentPostprocessing = 0;
		};
		307B223528942A20009FDD65 /* Resources */ = {
			isa = PBXResourcesBuildPhase;
			buildActionMask = 2147483647;
			files = (
			);
			runOnlyForDeploymentPostprocessing = 0;
		};
/* End PBXResourcesBuildPhase section */

/* Begin PBXSourcesBuildPhase section */
		307B221328942A1D009FDD65 /* Sources */ = {
			isa = PBXSourcesBuildPhase;
			buildActionMask = 2147483647;
			files = (
				3056D82B28C7C84A0088A0A2 /* FiveDayForecastViewController.swift in Sources */,
				306EA75E2896ECAA0066E68D /* UIView+Ext.swift in Sources */,
				301031A4289494FB009D83C5 /* WeatherAnnotation.swift in Sources */,
				301299F4289825D7001C503E /* FiveDayForecastResponse.swift in Sources */,
				30787DA428B2521400F4996C /* AppInfoViewController.swift in Sources */,
				307B221F28942A1D009FDD65 /* MapViewController.swift in Sources */,
				307B221B28942A1D009FDD65 /* AppDelegate.swift in Sources */,
				301299FA28985776001C503E /* Date+Ext.swift in Sources */,
				301299F828984A74001C503E /* ForecastTableViewCell.swift in Sources */,
				307FEFF02899C2AF00E5AE79 /* CoreDataController.swift in Sources */,
				307B221D28942A1D009FDD65 /* SceneDelegate.swift in Sources */,
				30D465F028945EFC009F0BCE /* OpenWeatherAPI.swift in Sources */,
				307FEFEE2899BA7600E5AE79 /* ForecastModel.xcdatamodeld in Sources */,
				30D465F228946AB0009F0BCE /* CurrentWeatherResponses.swift in Sources */,
				307DCBE028CBB9CB00D074D0 /* ViewController+Ext.swift in Sources */,
			);
			runOnlyForDeploymentPostprocessing = 0;
		};
		307B222928942A20009FDD65 /* Sources */ = {
			isa = PBXSourcesBuildPhase;
			buildActionMask = 2147483647;
			files = (
				307B223228942A20009FDD65 /* ForecastBuddyTests.swift in Sources */,
			);
			runOnlyForDeploymentPostprocessing = 0;
		};
		307B223328942A20009FDD65 /* Sources */ = {
			isa = PBXSourcesBuildPhase;
			buildActionMask = 2147483647;
			files = (
				307B223E28942A20009FDD65 /* ForecastBuddyUITestsLaunchTests.swift in Sources */,
				307B223C28942A20009FDD65 /* ForecastBuddyUITests.swift in Sources */,
			);
			runOnlyForDeploymentPostprocessing = 0;
		};
/* End PBXSourcesBuildPhase section */

/* Begin PBXTargetDependency section */
		307B222F28942A20009FDD65 /* PBXTargetDependency */ = {
			isa = PBXTargetDependency;
			target = 307B221628942A1D009FDD65 /* ForecastBuddy */;
			targetProxy = 307B222E28942A20009FDD65 /* PBXContainerItemProxy */;
		};
		307B223928942A20009FDD65 /* PBXTargetDependency */ = {
			isa = PBXTargetDependency;
			target = 307B221628942A1D009FDD65 /* ForecastBuddy */;
			targetProxy = 307B223828942A20009FDD65 /* PBXContainerItemProxy */;
		};
/* End PBXTargetDependency section */

/* Begin PBXVariantGroup section */
		307B222028942A1D009FDD65 /* Main.storyboard */ = {
			isa = PBXVariantGroup;
			children = (
				307B222128942A1D009FDD65 /* Base */,
			);
			name = Main.storyboard;
			sourceTree = "<group>";
		};
		307B222528942A20009FDD65 /* LaunchScreen.storyboard */ = {
			isa = PBXVariantGroup;
			children = (
				307B222628942A20009FDD65 /* Base */,
			);
			name = LaunchScreen.storyboard;
			sourceTree = "<group>";
		};
/* End PBXVariantGroup section */

/* Begin XCBuildConfiguration section */
		307B223F28942A20009FDD65 /* Debug */ = {
			isa = XCBuildConfiguration;
			buildSettings = {
				ALWAYS_SEARCH_USER_PATHS = NO;
				CLANG_ANALYZER_NONNULL = YES;
				CLANG_ANALYZER_NUMBER_OBJECT_CONVERSION = YES_AGGRESSIVE;
				CLANG_CXX_LANGUAGE_STANDARD = "gnu++17";
				CLANG_ENABLE_MODULES = YES;
				CLANG_ENABLE_OBJC_ARC = YES;
				CLANG_ENABLE_OBJC_WEAK = YES;
				CLANG_WARN_BLOCK_CAPTURE_AUTORELEASING = YES;
				CLANG_WARN_BOOL_CONVERSION = YES;
				CLANG_WARN_COMMA = YES;
				CLANG_WARN_CONSTANT_CONVERSION = YES;
				CLANG_WARN_DEPRECATED_OBJC_IMPLEMENTATIONS = YES;
				CLANG_WARN_DIRECT_OBJC_ISA_USAGE = YES_ERROR;
				CLANG_WARN_DOCUMENTATION_COMMENTS = YES;
				CLANG_WARN_EMPTY_BODY = YES;
				CLANG_WARN_ENUM_CONVERSION = YES;
				CLANG_WARN_INFINITE_RECURSION = YES;
				CLANG_WARN_INT_CONVERSION = YES;
				CLANG_WARN_NON_LITERAL_NULL_CONVERSION = YES;
				CLANG_WARN_OBJC_IMPLICIT_RETAIN_SELF = YES;
				CLANG_WARN_OBJC_LITERAL_CONVERSION = YES;
				CLANG_WARN_OBJC_ROOT_CLASS = YES_ERROR;
				CLANG_WARN_QUOTED_INCLUDE_IN_FRAMEWORK_HEADER = YES;
				CLANG_WARN_RANGE_LOOP_ANALYSIS = YES;
				CLANG_WARN_STRICT_PROTOTYPES = YES;
				CLANG_WARN_SUSPICIOUS_MOVE = YES;
				CLANG_WARN_UNGUARDED_AVAILABILITY = YES_AGGRESSIVE;
				CLANG_WARN_UNREACHABLE_CODE = YES;
				CLANG_WARN__DUPLICATE_METHOD_MATCH = YES;
				COPY_PHASE_STRIP = NO;
				DEBUG_INFORMATION_FORMAT = dwarf;
				ENABLE_STRICT_OBJC_MSGSEND = YES;
				ENABLE_TESTABILITY = YES;
				GCC_C_LANGUAGE_STANDARD = gnu11;
				GCC_DYNAMIC_NO_PIC = NO;
				GCC_NO_COMMON_BLOCKS = YES;
				GCC_OPTIMIZATION_LEVEL = 0;
				GCC_PREPROCESSOR_DEFINITIONS = (
					"DEBUG=1",
					"$(inherited)",
				);
				GCC_WARN_64_TO_32_BIT_CONVERSION = YES;
				GCC_WARN_ABOUT_RETURN_TYPE = YES_ERROR;
				GCC_WARN_UNDECLARED_SELECTOR = YES;
				GCC_WARN_UNINITIALIZED_AUTOS = YES_AGGRESSIVE;
				GCC_WARN_UNUSED_FUNCTION = YES;
				GCC_WARN_UNUSED_VARIABLE = YES;
				IPHONEOS_DEPLOYMENT_TARGET = 15.5;
				MTL_ENABLE_DEBUG_INFO = INCLUDE_SOURCE;
				MTL_FAST_MATH = YES;
				ONLY_ACTIVE_ARCH = YES;
				SDKROOT = iphoneos;
				SWIFT_ACTIVE_COMPILATION_CONDITIONS = DEBUG;
				SWIFT_OPTIMIZATION_LEVEL = "-Onone";
			};
			name = Debug;
		};
		307B224028942A20009FDD65 /* Release */ = {
			isa = XCBuildConfiguration;
			buildSettings = {
				ALWAYS_SEARCH_USER_PATHS = NO;
				CLANG_ANALYZER_NONNULL = YES;
				CLANG_ANALYZER_NUMBER_OBJECT_CONVERSION = YES_AGGRESSIVE;
				CLANG_CXX_LANGUAGE_STANDARD = "gnu++17";
				CLANG_ENABLE_MODULES = YES;
				CLANG_ENABLE_OBJC_ARC = YES;
				CLANG_ENABLE_OBJC_WEAK = YES;
				CLANG_WARN_BLOCK_CAPTURE_AUTORELEASING = YES;
				CLANG_WARN_BOOL_CONVERSION = YES;
				CLANG_WARN_COMMA = YES;
				CLANG_WARN_CONSTANT_CONVERSION = YES;
				CLANG_WARN_DEPRECATED_OBJC_IMPLEMENTATIONS = YES;
				CLANG_WARN_DIRECT_OBJC_ISA_USAGE = YES_ERROR;
				CLANG_WARN_DOCUMENTATION_COMMENTS = YES;
				CLANG_WARN_EMPTY_BODY = YES;
				CLANG_WARN_ENUM_CONVERSION = YES;
				CLANG_WARN_INFINITE_RECURSION = YES;
				CLANG_WARN_INT_CONVERSION = YES;
				CLANG_WARN_NON_LITERAL_NULL_CONVERSION = YES;
				CLANG_WARN_OBJC_IMPLICIT_RETAIN_SELF = YES;
				CLANG_WARN_OBJC_LITERAL_CONVERSION = YES;
				CLANG_WARN_OBJC_ROOT_CLASS = YES_ERROR;
				CLANG_WARN_QUOTED_INCLUDE_IN_FRAMEWORK_HEADER = YES;
				CLANG_WARN_RANGE_LOOP_ANALYSIS = YES;
				CLANG_WARN_STRICT_PROTOTYPES = YES;
				CLANG_WARN_SUSPICIOUS_MOVE = YES;
				CLANG_WARN_UNGUARDED_AVAILABILITY = YES_AGGRESSIVE;
				CLANG_WARN_UNREACHABLE_CODE = YES;
				CLANG_WARN__DUPLICATE_METHOD_MATCH = YES;
				COPY_PHASE_STRIP = NO;
				DEBUG_INFORMATION_FORMAT = "dwarf-with-dsym";
				ENABLE_NS_ASSERTIONS = NO;
				ENABLE_STRICT_OBJC_MSGSEND = YES;
				GCC_C_LANGUAGE_STANDARD = gnu11;
				GCC_NO_COMMON_BLOCKS = YES;
				GCC_WARN_64_TO_32_BIT_CONVERSION = YES;
				GCC_WARN_ABOUT_RETURN_TYPE = YES_ERROR;
				GCC_WARN_UNDECLARED_SELECTOR = YES;
				GCC_WARN_UNINITIALIZED_AUTOS = YES_AGGRESSIVE;
				GCC_WARN_UNUSED_FUNCTION = YES;
				GCC_WARN_UNUSED_VARIABLE = YES;
				IPHONEOS_DEPLOYMENT_TARGET = 15.5;
				MTL_ENABLE_DEBUG_INFO = NO;
				MTL_FAST_MATH = YES;
				SDKROOT = iphoneos;
				SWIFT_COMPILATION_MODE = wholemodule;
				SWIFT_OPTIMIZATION_LEVEL = "-O";
				VALIDATE_PRODUCT = YES;
			};
			name = Release;
		};
		307B224228942A20009FDD65 /* Debug */ = {
			isa = XCBuildConfiguration;
			buildSettings = {
				ASSETCATALOG_COMPILER_APPICON_NAME = AppIcon;
				ASSETCATALOG_COMPILER_GLOBAL_ACCENT_COLOR_NAME = AccentColor;
				CODE_SIGN_STYLE = Automatic;
				CURRENT_PROJECT_VERSION = 1;
				DEVELOPMENT_TEAM = FN5VW63KQX;
				GENERATE_INFOPLIST_FILE = YES;
				INFOPLIST_FILE = ForecastBuddy/Info.plist;
				INFOPLIST_KEY_UIApplicationSupportsIndirectInputEvents = YES;
				INFOPLIST_KEY_UILaunchStoryboardName = LaunchScreen;
				INFOPLIST_KEY_UIMainStoryboardFile = Main;
				INFOPLIST_KEY_UISupportedInterfaceOrientations_iPad = "UIInterfaceOrientationPortrait UIInterfaceOrientationPortraitUpsideDown UIInterfaceOrientationLandscapeLeft UIInterfaceOrientationLandscapeRight";
				INFOPLIST_KEY_UISupportedInterfaceOrientations_iPhone = "UIInterfaceOrientationPortrait UIInterfaceOrientationLandscapeLeft UIInterfaceOrientationLandscapeRight";
				LD_RUNPATH_SEARCH_PATHS = (
					"$(inherited)",
					"@executable_path/Frameworks",
				);
				MARKETING_VERSION = 1.0;
				PRODUCT_BUNDLE_IDENTIFIER = com.salcidoconsulting.ForecastBuddy;
				PRODUCT_NAME = "$(TARGET_NAME)";
				SWIFT_EMIT_LOC_STRINGS = YES;
				SWIFT_VERSION = 5.0;
				TARGETED_DEVICE_FAMILY = "1,2";
			};
			name = Debug;
		};
		307B224328942A20009FDD65 /* Release */ = {
			isa = XCBuildConfiguration;
			buildSettings = {
				ASSETCATALOG_COMPILER_APPICON_NAME = AppIcon;
				ASSETCATALOG_COMPILER_GLOBAL_ACCENT_COLOR_NAME = AccentColor;
				CODE_SIGN_STYLE = Automatic;
				CURRENT_PROJECT_VERSION = 1;
				DEVELOPMENT_TEAM = FN5VW63KQX;
				GENERATE_INFOPLIST_FILE = YES;
				INFOPLIST_FILE = ForecastBuddy/Info.plist;
				INFOPLIST_KEY_UIApplicationSupportsIndirectInputEvents = YES;
				INFOPLIST_KEY_UILaunchStoryboardName = LaunchScreen;
				INFOPLIST_KEY_UIMainStoryboardFile = Main;
				INFOPLIST_KEY_UISupportedInterfaceOrientations_iPad = "UIInterfaceOrientationPortrait UIInterfaceOrientationPortraitUpsideDown UIInterfaceOrientationLandscapeLeft UIInterfaceOrientationLandscapeRight";
				INFOPLIST_KEY_UISupportedInterfaceOrientations_iPhone = "UIInterfaceOrientationPortrait UIInterfaceOrientationLandscapeLeft UIInterfaceOrientationLandscapeRight";
				LD_RUNPATH_SEARCH_PATHS = (
					"$(inherited)",
					"@executable_path/Frameworks",
				);
				MARKETING_VERSION = 1.0;
				PRODUCT_BUNDLE_IDENTIFIER = com.salcidoconsulting.ForecastBuddy;
				PRODUCT_NAME = "$(TARGET_NAME)";
				SWIFT_EMIT_LOC_STRINGS = YES;
				SWIFT_VERSION = 5.0;
				TARGETED_DEVICE_FAMILY = "1,2";
			};
			name = Release;
		};
		307B224528942A20009FDD65 /* Debug */ = {
			isa = XCBuildConfiguration;
			buildSettings = {
				ALWAYS_EMBED_SWIFT_STANDARD_LIBRARIES = YES;
				BUNDLE_LOADER = "$(TEST_HOST)";
				CODE_SIGN_STYLE = Automatic;
				CURRENT_PROJECT_VERSION = 1;
				DEVELOPMENT_TEAM = FN5VW63KQX;
				GENERATE_INFOPLIST_FILE = YES;
				IPHONEOS_DEPLOYMENT_TARGET = 15.5;
				MARKETING_VERSION = 1.0;
				PRODUCT_BUNDLE_IDENTIFIER = com.salcidoconsulting.ForecastBuddyTests;
				PRODUCT_NAME = "$(TARGET_NAME)";
				SWIFT_EMIT_LOC_STRINGS = NO;
				SWIFT_VERSION = 5.0;
				TARGETED_DEVICE_FAMILY = "1,2";
				TEST_HOST = "$(BUILT_PRODUCTS_DIR)/ForecastBuddy.app/ForecastBuddy";
			};
			name = Debug;
		};
		307B224628942A20009FDD65 /* Release */ = {
			isa = XCBuildConfiguration;
			buildSettings = {
				ALWAYS_EMBED_SWIFT_STANDARD_LIBRARIES = YES;
				BUNDLE_LOADER = "$(TEST_HOST)";
				CODE_SIGN_STYLE = Automatic;
				CURRENT_PROJECT_VERSION = 1;
				DEVELOPMENT_TEAM = FN5VW63KQX;
				GENERATE_INFOPLIST_FILE = YES;
				IPHONEOS_DEPLOYMENT_TARGET = 15.5;
				MARKETING_VERSION = 1.0;
				PRODUCT_BUNDLE_IDENTIFIER = com.salcidoconsulting.ForecastBuddyTests;
				PRODUCT_NAME = "$(TARGET_NAME)";
				SWIFT_EMIT_LOC_STRINGS = NO;
				SWIFT_VERSION = 5.0;
				TARGETED_DEVICE_FAMILY = "1,2";
				TEST_HOST = "$(BUILT_PRODUCTS_DIR)/ForecastBuddy.app/ForecastBuddy";
			};
			name = Release;
		};
		307B224828942A20009FDD65 /* Debug */ = {
			isa = XCBuildConfiguration;
			buildSettings = {
				ALWAYS_EMBED_SWIFT_STANDARD_LIBRARIES = YES;
				CODE_SIGN_STYLE = Automatic;
				CURRENT_PROJECT_VERSION = 1;
				DEVELOPMENT_TEAM = FN5VW63KQX;
				GENERATE_INFOPLIST_FILE = YES;
				MARKETING_VERSION = 1.0;
				PRODUCT_BUNDLE_IDENTIFIER = com.salcidoconsulting.ForecastBuddyUITests;
				PRODUCT_NAME = "$(TARGET_NAME)";
				SWIFT_EMIT_LOC_STRINGS = NO;
				SWIFT_VERSION = 5.0;
				TARGETED_DEVICE_FAMILY = "1,2";
				TEST_TARGET_NAME = ForecastBuddy;
			};
			name = Debug;
		};
		307B224928942A20009FDD65 /* Release */ = {
			isa = XCBuildConfiguration;
			buildSettings = {
				ALWAYS_EMBED_SWIFT_STANDARD_LIBRARIES = YES;
				CODE_SIGN_STYLE = Automatic;
				CURRENT_PROJECT_VERSION = 1;
				DEVELOPMENT_TEAM = FN5VW63KQX;
				GENERATE_INFOPLIST_FILE = YES;
				MARKETING_VERSION = 1.0;
				PRODUCT_BUNDLE_IDENTIFIER = com.salcidoconsulting.ForecastBuddyUITests;
				PRODUCT_NAME = "$(TARGET_NAME)";
				SWIFT_EMIT_LOC_STRINGS = NO;
				SWIFT_VERSION = 5.0;
				TARGETED_DEVICE_FAMILY = "1,2";
				TEST_TARGET_NAME = ForecastBuddy;
			};
			name = Release;
		};
/* End XCBuildConfiguration section */

/* Begin XCConfigurationList section */
		307B221228942A1D009FDD65 /* Build configuration list for PBXProject "ForecastBuddy" */ = {
			isa = XCConfigurationList;
			buildConfigurations = (
				307B223F28942A20009FDD65 /* Debug */,
				307B224028942A20009FDD65 /* Release */,
			);
			defaultConfigurationIsVisible = 0;
			defaultConfigurationName = Release;
		};
		307B224128942A20009FDD65 /* Build configuration list for PBXNativeTarget "ForecastBuddy" */ = {
			isa = XCConfigurationList;
			buildConfigurations = (
				307B224228942A20009FDD65 /* Debug */,
				307B224328942A20009FDD65 /* Release */,
			);
			defaultConfigurationIsVisible = 0;
			defaultConfigurationName = Release;
		};
		307B224428942A20009FDD65 /* Build configuration list for PBXNativeTarget "ForecastBuddyTests" */ = {
			isa = XCConfigurationList;
			buildConfigurations = (
				307B224528942A20009FDD65 /* Debug */,
				307B224628942A20009FDD65 /* Release */,
			);
			defaultConfigurationIsVisible = 0;
			defaultConfigurationName = Release;
		};
		307B224728942A20009FDD65 /* Build configuration list for PBXNativeTarget "ForecastBuddyUITests" */ = {
			isa = XCConfigurationList;
			buildConfigurations = (
				307B224828942A20009FDD65 /* Debug */,
				307B224928942A20009FDD65 /* Release */,
			);
			defaultConfigurationIsVisible = 0;
			defaultConfigurationName = Release;
		};
/* End XCConfigurationList section */

/* Begin XCVersionGroup section */
		307FEFEC2899BA7600E5AE79 /* ForecastModel.xcdatamodeld */ = {
			isa = XCVersionGroup;
			children = (
				307FEFED2899BA7600E5AE79 /* ForecastModel.xcdatamodel */,
			);
			currentVersion = 307FEFED2899BA7600E5AE79 /* ForecastModel.xcdatamodel */;
			path = ForecastModel.xcdatamodeld;
			sourceTree = "<group>";
			versionGroupType = wrapper.xcdatamodel;
		};
/* End XCVersionGroup section */
	};
	rootObject = 307B220F28942A1D009FDD65 /* Project object */;
}
